// !$*UTF8*$!
{
	archiveVersion = 1;
	classes = {
	};
	objectVersion = 77;
	objects = {

/* Begin PBXBuildFile section */
		45D0CA042F157FCC00064C3C /* FirebaseAuth in Frameworks */ = {isa = PBXBuildFile; productRef = 45D0CA032F157FCC00064C3C /* FirebaseAuth */; };
		45D0CA062F157FCC00064C3C /* FirebaseFirestore in Frameworks */ = {isa = PBXBuildFile; productRef = 45D0CA052F157FCC00064C3C /* FirebaseFirestore */; };
		45D0CA082F157FCC00064C3C /* FirebaseFunctions in Frameworks */ = {isa = PBXBuildFile; productRef = 45D0CA072F157FCC00064C3C /* FirebaseFunctions */; };
		45D0CA0A2F160200000GSIN1 /* GoogleSignIn in Frameworks */ = {isa = PBXBuildFile; productRef = 45D0CA092F160200000GSIN1 /* GoogleSignIn */; };
/* End PBXBuildFile section */

/* Begin PBXContainerItemProxy section */
		45D0C99F2F14D0A600064C3C /* PBXContainerItemProxy */ = {
			isa = PBXContainerItemProxy;
			containerPortal = 45D0C9892F14D0A500064C3C /* Project object */;
			proxyType = 1;
			remoteGlobalIDString = 45D0C9902F14D0A500064C3C;
			remoteInfo = "Peezy 4.0";
		};
		45D0C9A92F14D0A600064C3C /* PBXContainerItemProxy */ = {
			isa = PBXContainerItemProxy;
			containerPortal = 45D0C9892F14D0A500064C3C /* Project object */;
			proxyType = 1;
			remoteGlobalIDString = 45D0C9902F14D0A500064C3C;
			remoteInfo = "Peezy 4.0";
		};
/* End PBXContainerItemProxy section */

/* Begin PBXFileReference section */
		45D0C9912F14D0A500064C3C /* Peezy 4.0.app */ = {isa = PBXFileReference; explicitFileType = wrapper.application; includeInIndex = 0; path = "Peezy 4.0.app"; sourceTree = BUILT_PRODUCTS_DIR; };
		45D0C99E2F14D0A600064C3C /* Peezy 4.0Tests.xctest */ = {isa = PBXFileReference; explicitFileType = wrapper.cfbundle; includeInIndex = 0; path = "Peezy 4.0Tests.xctest"; sourceTree = BUILT_PRODUCTS_DIR; };
		45D0C9A82F14D0A600064C3C /* Peezy 4.0UITests.xctest */ = {isa = PBXFileReference; explicitFileType = wrapper.cfbundle; includeInIndex = 0; path = "Peezy 4.0UITests.xctest"; sourceTree = BUILT_PRODUCTS_DIR; };
/* End PBXFileReference section */

/* Begin PBXFileSystemSynchronizedBuildFileExceptionSet section */
		455D7E762F16002800C1BC98 /* Exceptions for "Peezy 4.0" folder in "Peezy 4.0" target */ = {
			isa = PBXFileSystemSynchronizedBuildFileExceptionSet;
			membershipExceptions = (
				"Documents/Anthropic-API-Key.txt",
			);
			target = 45D0C9902F14D0A500064C3C /* Peezy 4.0 */;
		};
/* End PBXFileSystemSynchronizedBuildFileExceptionSet section */

/* Begin PBXFileSystemSynchronizedGroupBuildPhaseMembershipExceptionSet section */
		455D7E772F16002800C1BC98 /* Exceptions for "Peezy 4.0" folder in "Compile Sources" phase from "Peezy 4.0" target */ = {
			isa = PBXFileSystemSynchronizedGroupBuildPhaseMembershipExceptionSet;
			buildPhase = 45D0C98D2F14D0A500064C3C /* Sources */;
			membershipExceptions = (
				"Documents/Anthropic-API-Key.txt",
			);
		};
/* End PBXFileSystemSynchronizedGroupBuildPhaseMembershipExceptionSet section */

/* Begin PBXFileSystemSynchronizedRootGroup section */
		45D0C9932F14D0A500064C3C /* Peezy 4.0 */ = {
			isa = PBXFileSystemSynchronizedRootGroup;
			exceptions = (
				455D7E762F16002800C1BC98 /* Exceptions for "Peezy 4.0" folder in "Peezy 4.0" target */,
				455D7E772F16002800C1BC98 /* Exceptions for "Peezy 4.0" folder in "Compile Sources" phase from "Peezy 4.0" target */,
			);
			path = "Peezy 4.0";
			sourceTree = "<group>";
		};
		45D0C9A12F14D0A600064C3C /* Peezy 4.0Tests */ = {
			isa = PBXFileSystemSynchronizedRootGroup;
			path = "Peezy 4.0Tests";
			sourceTree = "<group>";
		};
		45D0C9AB2F14D0A600064C3C /* Peezy 4.0UITests */ = {
			isa = PBXFileSystemSynchronizedRootGroup;
			path = "Peezy 4.0UITests";
			sourceTree = "<group>";
		};
/* End PBXFileSystemSynchronizedRootGroup section */

/* Begin PBXFrameworksBuildPhase section */
		45D0C98E2F14D0A500064C3C /* Frameworks */ = {
			isa = PBXFrameworksBuildPhase;
			buildActionMask = 2147483647;
			files = (
				45D0CA082F157FCC00064C3C /* FirebaseFunctions in Frameworks */,
				45D0CA042F157FCC00064C3C /* FirebaseAuth in Frameworks */,
				45D0CA062F157FCC00064C3C /* FirebaseFirestore in Frameworks */,
				45D0CA0A2F160200000GSIN1 /* GoogleSignIn in Frameworks */,
			);
			runOnlyForDeploymentPostprocessing = 0;
		};
		45D0C99B2F14D0A600064C3C /* Frameworks */ = {
			isa = PBXFrameworksBuildPhase;
			buildActionMask = 2147483647;
			files = (
			);
			runOnlyForDeploymentPostprocessing = 0;
		};
		45D0C9A52F14D0A600064C3C /* Frameworks */ = {
			isa = PBXFrameworksBuildPhase;
			buildActionMask = 2147483647;
			files = (
			);
			runOnlyForDeploymentPostprocessing = 0;
		};
/* End PBXFrameworksBuildPhase section */

/* Begin PBXGroup section */
		45D0C9882F14D0A500064C3C = {
			isa = PBXGroup;
			children = (
				45D0C9932F14D0A500064C3C /* Peezy 4.0 */,
				45D0C9A12F14D0A600064C3C /* Peezy 4.0Tests */,
				45D0C9AB2F14D0A600064C3C /* Peezy 4.0UITests */,
				45D0C9922F14D0A500064C3C /* Products */,
				45D0CA022F157FCC00064C3C /* Frameworks */,
			);
			sourceTree = "<group>";
		};
		45D0C9922F14D0A500064C3C /* Products */ = {
			isa = PBXGroup;
			children = (
				45D0C9912F14D0A500064C3C /* Peezy 4.0.app */,
				45D0C99E2F14D0A600064C3C /* Peezy 4.0Tests.xctest */,
				45D0C9A82F14D0A600064C3C /* Peezy 4.0UITests.xctest */,
			);
			name = Products;
			sourceTree = "<group>";
		};
		45D0CA022F157FCC00064C3C /* Frameworks */ = {
			isa = PBXGroup;
			children = (
			);
			name = Frameworks;
			sourceTree = "<group>";
		};
/* End PBXGroup section */

/* Begin PBXNativeTarget section */
		45D0C9902F14D0A500064C3C /* Peezy 4.0 */ = {
			isa = PBXNativeTarget;
			buildConfigurationList = 45D0C9B22F14D0A600064C3C /* Build configuration list for PBXNativeTarget "Peezy 4.0" */;
			buildPhases = (
				45D0C98D2F14D0A500064C3C /* Sources */,
				45D0C98E2F14D0A500064C3C /* Frameworks */,
				45D0C98F2F14D0A500064C3C /* Resources */,
			);
			buildRules = (
			);
			dependencies = (
			);
			fileSystemSynchronizedGroups = (
				45D0C9932F14D0A500064C3C /* Peezy 4.0 */,
			);
			name = "Peezy 4.0";
			packageProductDependencies = (
				45D0CA032F157FCC00064C3C /* FirebaseAuth */,
				45D0CA052F157FCC00064C3C /* FirebaseFirestore */,
				45D0CA072F157FCC00064C3C /* FirebaseFunctions */,
				45D0CA092F160200000GSIN1 /* GoogleSignIn */,
			);
			productName = "Peezy 4.0";
			productReference = 45D0C9912F14D0A500064C3C /* Peezy 4.0.app */;
			productType = "com.apple.product-type.application";
		};
		45D0C99D2F14D0A600064C3C /* Peezy 4.0Tests */ = {
			isa = PBXNativeTarget;
			buildConfigurationList = 45D0C9B52F14D0A600064C3C /* Build configuration list for PBXNativeTarget "Peezy 4.0Tests" */;
			buildPhases = (
				45D0C99A2F14D0A600064C3C /* Sources */,
				45D0C99B2F14D0A600064C3C /* Frameworks */,
				45D0C99C2F14D0A600064C3C /* Resources */,
			);
			buildRules = (
			);
			dependencies = (
				45D0C9A02F14D0A600064C3C /* PBXTargetDependency */,
			);
			fileSystemSynchronizedGroups = (
				45D0C9A12F14D0A600064C3C /* Peezy 4.0Tests */,
			);
			name = "Peezy 4.0Tests";
			packageProductDependencies = (
			);
			productName = "Peezy 4.0Tests";
			productReference = 45D0C99E2F14D0A600064C3C /* Peezy 4.0Tests.xctest */;
			productType = "com.apple.product-type.bundle.unit-test";
		};
		45D0C9A72F14D0A600064C3C /* Peezy 4.0UITests */ = {
			isa = PBXNativeTarget;
			buildConfigurationList = 45D0C9B82F14D0A600064C3C /* Build configuration list for PBXNativeTarget "Peezy 4.0UITests" */;
			buildPhases = (
				45D0C9A42F14D0A600064C3C /* Sources */,
				45D0C9A52F14D0A600064C3C /* Frameworks */,
				45D0C9A62F14D0A600064C3C /* Resources */,
			);
			buildRules = (
			);
			dependencies = (
				45D0C9AA2F14D0A600064C3C /* PBXTargetDependency */,
			);
			fileSystemSynchronizedGroups = (
				45D0C9AB2F14D0A600064C3C /* Peezy 4.0UITests */,
			);
			name = "Peezy 4.0UITests";
			packageProductDependencies = (
			);
			productName = "Peezy 4.0UITests";
			productReference = 45D0C9A82F14D0A600064C3C /* Peezy 4.0UITests.xctest */;
			productType = "com.apple.product-type.bundle.ui-testing";
		};
/* End PBXNativeTarget section */

/* Begin PBXProject section */
		45D0C9892F14D0A500064C3C /* Project object */ = {
			isa = PBXProject;
			attributes = {
				BuildIndependentTargetsInParallel = 1;
				LastSwiftUpdateCheck = 2620;
				LastUpgradeCheck = 2620;
				TargetAttributes = {
					45D0C9902F14D0A500064C3C = {
						CreatedOnToolsVersion = 26.2;
					};
					45D0C99D2F14D0A600064C3C = {
						CreatedOnToolsVersion = 26.2;
						TestTargetID = 45D0C9902F14D0A500064C3C;
					};
					45D0C9A72F14D0A600064C3C = {
						CreatedOnToolsVersion = 26.2;
						TestTargetID = 45D0C9902F14D0A500064C3C;
					};
				};
			};
			buildConfigurationList = 45D0C98C2F14D0A500064C3C /* Build configuration list for PBXProject "Peezy 4.0" */;
			developmentRegion = en;
			hasScannedForEncodings = 0;
			knownRegions = (
				en,
				Base,
			);
			mainGroup = 45D0C9882F14D0A500064C3C;
			minimizedProjectReferenceProxies = 1;
			packageReferences = (
				45D0C9BB2F1512B300064C3C /* XCRemoteSwiftPackageReference "firebase-ios-sdk" */,
				455D7E7A2F1601C700C1BC98 /* XCRemoteSwiftPackageReference "GoogleSignIn-iOS" */,
			);
			preferredProjectObjectVersion = 77;
			productRefGroup = 45D0C9922F14D0A500064C3C /* Products */;
			projectDirPath = "";
			projectRoot = "";
			targets = (
				45D0C9902F14D0A500064C3C /* Peezy 4.0 */,
				45D0C99D2F14D0A600064C3C /* Peezy 4.0Tests */,
				45D0C9A72F14D0A600064C3C /* Peezy 4.0UITests */,
			);
		};
/* End PBXProject section */

/* Begin PBXResourcesBuildPhase section */
		45D0C98F2F14D0A500064C3C /* Resources */ = {
			isa = PBXResourcesBuildPhase;
			buildActionMask = 2147483647;
			files = (
			);
			runOnlyForDeploymentPostprocessing = 0;
		};
		45D0C99C2F14D0A600064C3C /* Resources */ = {
			isa = PBXResourcesBuildPhase;
			buildActionMask = 2147483647;
			files = (
			);
			runOnlyForDeploymentPostprocessing = 0;
		};
		45D0C9A62F14D0A600064C3C /* Resources */ = {
			isa = PBXResourcesBuildPhase;
			buildActionMask = 2147483647;
			files = (
			);
			runOnlyForDeploymentPostprocessing = 0;
		};
/* End PBXResourcesBuildPhase section */

/* Begin PBXSourcesBuildPhase section */
		45D0C98D2F14D0A500064C3C /* Sources */ = {
			isa = PBXSourcesBuildPhase;
			buildActionMask = 2147483647;
			files = (
			);
			runOnlyForDeploymentPostprocessing = 0;
		};
		45D0C99A2F14D0A600064C3C /* Sources */ = {
			isa = PBXSourcesBuildPhase;
			buildActionMask = 2147483647;
			files = (
			);
			runOnlyForDeploymentPostprocessing = 0;
		};
		45D0C9A42F14D0A600064C3C /* Sources */ = {
			isa = PBXSourcesBuildPhase;
			buildActionMask = 2147483647;
			files = (
			);
			runOnlyForDeploymentPostprocessing = 0;
		};
/* End PBXSourcesBuildPhase section */

/* Begin PBXTargetDependency section */
		45D0C9A02F14D0A600064C3C /* PBXTargetDependency */ = {
			isa = PBXTargetDependency;
			target = 45D0C9902F14D0A500064C3C /* Peezy 4.0 */;
			targetProxy = 45D0C99F2F14D0A600064C3C /* PBXContainerItemProxy */;
		};
		45D0C9AA2F14D0A600064C3C /* PBXTargetDependency */ = {
			isa = PBXTargetDependency;
			target = 45D0C9902F14D0A500064C3C /* Peezy 4.0 */;
			targetProxy = 45D0C9A92F14D0A600064C3C /* PBXContainerItemProxy */;
		};
/* End PBXTargetDependency section */

/* Begin XCBuildConfiguration section */
		45D0C9B02F14D0A600064C3C /* Debug */ = {
			isa = XCBuildConfiguration;
			buildSettings = {
				ALWAYS_SEARCH_USER_PATHS = NO;
				ASSETCATALOG_COMPILER_GENERATE_SWIFT_ASSET_SYMBOL_EXTENSIONS = YES;
				CLANG_ANALYZER_NONNULL = YES;
				CLANG_ANALYZER_NUMBER_OBJECT_CONVERSION = YES_AGGRESSIVE;
				CLANG_CXX_LANGUAGE_STANDARD = "gnu++20";
				CLANG_ENABLE_MODULES = YES;
				CLANG_ENABLE_OBJC_ARC = YES;
				CLANG_ENABLE_OBJC_WEAK = YES;
				CLANG_WARN_BLOCK_CAPTURE_AUTORELEASING = YES;
				CLANG_WARN_BOOL_CONVERSION = YES;
				CLANG_WARN_COMMA = YES;
				CLANG_WARN_CONSTANT_CONVERSION = YES;
				CLANG_WARN_DEPRECATED_OBJC_IMPLEMENTATIONS = YES;
				CLANG_WARN_DIRECT_OBJC_ISA_USAGE = YES_ERROR;
				CLANG_WARN_DOCUMENTATION_COMMENTS = YES;
				CLANG_WARN_EMPTY_BODY = YES;
				CLANG_WARN_ENUM_CONVERSION = YES;
				CLANG_WARN_INFINITE_RECURSION = YES;
				CLANG_WARN_INT_CONVERSION = YES;
				CLANG_WARN_NON_LITERAL_NULL_CONVERSION = YES;
				CLANG_WARN_OBJC_IMPLICIT_RETAIN_SELF = YES;
				CLANG_WARN_OBJC_LITERAL_CONVERSION = YES;
				CLANG_WARN_OBJC_ROOT_CLASS = YES_ERROR;
				CLANG_WARN_QUOTED_INCLUDE_IN_FRAMEWORK_HEADER = YES;
				CLANG_WARN_RANGE_LOOP_ANALYSIS = YES;
				CLANG_WARN_STRICT_PROTOTYPES = YES;
				CLANG_WARN_SUSPICIOUS_MOVE = YES;
				CLANG_WARN_UNGUARDED_AVAILABILITY = YES_AGGRESSIVE;
				CLANG_WARN_UNREACHABLE_CODE = YES;
				CLANG_WARN__DUPLICATE_METHOD_MATCH = YES;
				COPY_PHASE_STRIP = NO;
				DEBUG_INFORMATION_FORMAT = dwarf;
				DEVELOPMENT_TEAM = C7434HTS3Q;
				ENABLE_STRICT_OBJC_MSGSEND = YES;
				ENABLE_TESTABILITY = YES;
				ENABLE_USER_SCRIPT_SANDBOXING = YES;
				GCC_C_LANGUAGE_STANDARD = gnu17;
				GCC_DYNAMIC_NO_PIC = NO;
				GCC_NO_COMMON_BLOCKS = YES;
				GCC_OPTIMIZATION_LEVEL = 0;
				GCC_PREPROCESSOR_DEFINITIONS = (
					"DEBUG=1",
					"$(inherited)",
				);
				GCC_WARN_64_TO_32_BIT_CONVERSION = YES;
				GCC_WARN_ABOUT_RETURN_TYPE = YES_ERROR;
				GCC_WARN_UNDECLARED_SELECTOR = YES;
				GCC_WARN_UNINITIALIZED_AUTOS = YES_AGGRESSIVE;
				GCC_WARN_UNUSED_FUNCTION = YES;
				GCC_WARN_UNUSED_VARIABLE = YES;
				IPHONEOS_DEPLOYMENT_TARGET = 26.2;
				LOCALIZATION_PREFERS_STRING_CATALOGS = YES;
				MTL_ENABLE_DEBUG_INFO = INCLUDE_SOURCE;
				MTL_FAST_MATH = YES;
				ONLY_ACTIVE_ARCH = YES;
				SDKROOT = iphoneos;
				SWIFT_ACTIVE_COMPILATION_CONDITIONS = "DEBUG $(inherited)";
				SWIFT_OPTIMIZATION_LEVEL = "-Onone";
			};
			name = Debug;
		};
		45D0C9B12F14D0A600064C3C /* Release */ = {
			isa = XCBuildConfiguration;
			buildSettings = {
				ALWAYS_SEARCH_USER_PATHS = NO;
				ASSETCATALOG_COMPILER_GENERATE_SWIFT_ASSET_SYMBOL_EXTENSIONS = YES;
				CLANG_ANALYZER_NONNULL = YES;
				CLANG_ANALYZER_NUMBER_OBJECT_CONVERSION = YES_AGGRESSIVE;
				CLANG_CXX_LANGUAGE_STANDARD = "gnu++20";
				CLANG_ENABLE_MODULES = YES;
				CLANG_ENABLE_OBJC_ARC = YES;
				CLANG_ENABLE_OBJC_WEAK = YES;
				CLANG_WARN_BLOCK_CAPTURE_AUTORELEASING = YES;
				CLANG_WARN_BOOL_CONVERSION = YES;
				CLANG_WARN_COMMA = YES;
				CLANG_WARN_CONSTANT_CONVERSION = YES;
				CLANG_WARN_DEPRECATED_OBJC_IMPLEMENTATIONS = YES;
				CLANG_WARN_DIRECT_OBJC_ISA_USAGE = YES_ERROR;
				CLANG_WARN_DOCUMENTATION_COMMENTS = YES;
				CLANG_WARN_EMPTY_BODY = YES;
				CLANG_WARN_ENUM_CONVERSION = YES;
				CLANG_WARN_INFINITE_RECURSION = YES;
				CLANG_WARN_INT_CONVERSION = YES;
				CLANG_WARN_NON_LITERAL_NULL_CONVERSION = YES;
				CLANG_WARN_OBJC_IMPLICIT_RETAIN_SELF = YES;
				CLANG_WARN_OBJC_LITERAL_CONVERSION = YES;
				CLANG_WARN_OBJC_ROOT_CLASS = YES_ERROR;
				CLANG_WARN_QUOTED_INCLUDE_IN_FRAMEWORK_HEADER = YES;
				CLANG_WARN_RANGE_LOOP_ANALYSIS = YES;
				CLANG_WARN_STRICT_PROTOTYPES = YES;
				CLANG_WARN_SUSPICIOUS_MOVE = YES;
				CLANG_WARN_UNGUARDED_AVAILABILITY = YES_AGGRESSIVE;
				CLANG_WARN_UNREACHABLE_CODE = YES;
				CLANG_WARN__DUPLICATE_METHOD_MATCH = YES;
				COPY_PHASE_STRIP = NO;
				DEBUG_INFORMATION_FORMAT = "dwarf-with-dsym";
				DEVELOPMENT_TEAM = C7434HTS3Q;
				ENABLE_NS_ASSERTIONS = NO;
				ENABLE_STRICT_OBJC_MSGSEND = YES;
				ENABLE_USER_SCRIPT_SANDBOXING = YES;
				GCC_C_LANGUAGE_STANDARD = gnu17;
				GCC_NO_COMMON_BLOCKS = YES;
				GCC_WARN_64_TO_32_BIT_CONVERSION = YES;
				GCC_WARN_ABOUT_RETURN_TYPE = YES_ERROR;
				GCC_WARN_UNDECLARED_SELECTOR = YES;
				GCC_WARN_UNINITIALIZED_AUTOS = YES_AGGRESSIVE;
				GCC_WARN_UNUSED_FUNCTION = YES;
				GCC_WARN_UNUSED_VARIABLE = YES;
				IPHONEOS_DEPLOYMENT_TARGET = 26.2;
				LOCALIZATION_PREFERS_STRING_CATALOGS = YES;
				MTL_ENABLE_DEBUG_INFO = NO;
				MTL_FAST_MATH = YES;
				SDKROOT = iphoneos;
				SWIFT_COMPILATION_MODE = wholemodule;
				VALIDATE_PRODUCT = YES;
			};
			name = Release;
		};
		45D0C9B32F14D0A600064C3C /* Debug */ = {
			isa = XCBuildConfiguration;
			buildSettings = {
				ASSETCATALOG_COMPILER_APPICON_NAME = AppIcon;
				ASSETCATALOG_COMPILER_GLOBAL_ACCENT_COLOR_NAME = AccentColor;
				CODE_SIGN_STYLE = Automatic;
				CURRENT_PROJECT_VERSION = 1;
				DEVELOPMENT_TEAM = C7434HTS3Q;
				ENABLE_PREVIEWS = YES;
				GENERATE_INFOPLIST_FILE = YES;
				INFOPLIST_FILE = "Peezy-4-0-Info.plist";
				INFOPLIST_KEY_CFBundleDisplayName = "";
				INFOPLIST_KEY_LSApplicationCategoryType = "";
				INFOPLIST_KEY_UIApplicationSceneManifest_Generation = YES;
				INFOPLIST_KEY_UIApplicationSupportsIndirectInputEvents = YES;
				INFOPLIST_KEY_UILaunchScreen_Generation = YES;
				INFOPLIST_KEY_UISupportedInterfaceOrientations_iPad = "UIInterfaceOrientationPortrait UIInterfaceOrientationPortraitUpsideDown UIInterfaceOrientationLandscapeLeft UIInterfaceOrientationLandscapeRight";
				INFOPLIST_KEY_UISupportedInterfaceOrientations_iPhone = "UIInterfaceOrientationPortrait UIInterfaceOrientationLandscapeLeft UIInterfaceOrientationLandscapeRight";
				LD_RUNPATH_SEARCH_PATHS = (
					"$(inherited)",
					"@executable_path/Frameworks",
				);
				MARKETING_VERSION = 1.0;
				PRODUCT_BUNDLE_IDENTIFIER = "peezy.Peezy-4-0";
				PRODUCT_NAME = "$(TARGET_NAME)";
				STRING_CATALOG_GENERATE_SYMBOLS = YES;
				SWIFT_APPROACHABLE_CONCURRENCY = YES;
				SWIFT_DEFAULT_ACTOR_ISOLATION = MainActor;
				SWIFT_EMIT_LOC_STRINGS = YES;
				SWIFT_UPCOMING_FEATURE_MEMBER_IMPORT_VISIBILITY = YES;
				SWIFT_VERSION = 5.0;
				TARGETED_DEVICE_FAMILY = "1,2";
			};
			name = Debug;
		};
		45D0C9B42F14D0A600064C3C /* Release */ = {
			isa = XCBuildConfiguration;
			buildSettings = {
				ASSETCATALOG_COMPILER_APPICON_NAME = AppIcon;
				ASSETCATALOG_COMPILER_GLOBAL_ACCENT_COLOR_NAME = AccentColor;
				CODE_SIGN_STYLE = Automatic;
				CURRENT_PROJECT_VERSION = 1;
				DEVELOPMENT_TEAM = C7434HTS3Q;
				ENABLE_PREVIEWS = YES;
				GENERATE_INFOPLIST_FILE = YES;
				INFOPLIST_FILE = "Peezy-4-0-Info.plist";
				INFOPLIST_KEY_CFBundleDisplayName = "";
				INFOPLIST_KEY_LSApplicationCategoryType = "";
				INFOPLIST_KEY_UIApplicationSceneManifest_Generation = YES;
				INFOPLIST_KEY_UIApplicationSupportsIndirectInputEvents = YES;
				INFOPLIST_KEY_UILaunchScreen_Generation = YES;
				INFOPLIST_KEY_UISupportedInterfaceOrientations_iPad = "UIInterfaceOrientationPortrait UIInterfaceOrientationPortraitUpsideDown UIInterfaceOrientationLandscapeLeft UIInterfaceOrientationLandscapeRight";
				INFOPLIST_KEY_UISupportedInterfaceOrientations_iPhone = "UIInterfaceOrientationPortrait UIInterfaceOrientationLandscapeLeft UIInterfaceOrientationLandscapeRight";
				LD_RUNPATH_SEARCH_PATHS = (
					"$(inherited)",
					"@executable_path/Frameworks",
				);
				MARKETING_VERSION = 1.0;
				PRODUCT_BUNDLE_IDENTIFIER = "peezy.Peezy-4-0";
				PRODUCT_NAME = "$(TARGET_NAME)";
				STRING_CATALOG_GENERATE_SYMBOLS = YES;
				SWIFT_APPROACHABLE_CONCURRENCY = YES;
				SWIFT_DEFAULT_ACTOR_ISOLATION = MainActor;
				SWIFT_EMIT_LOC_STRINGS = YES;
				SWIFT_UPCOMING_FEATURE_MEMBER_IMPORT_VISIBILITY = YES;
				SWIFT_VERSION = 5.0;
				TARGETED_DEVICE_FAMILY = "1,2";
			};
			name = Release;
		};
		45D0C9B62F14D0A600064C3C /* Debug */ = {
			isa = XCBuildConfiguration;
			buildSettings = {
				BUNDLE_LOADER = "$(TEST_HOST)";
				CODE_SIGN_STYLE = Automatic;
				CURRENT_PROJECT_VERSION = 1;
				DEVELOPMENT_TEAM = C7434HTS3Q;
				GENERATE_INFOPLIST_FILE = YES;
				IPHONEOS_DEPLOYMENT_TARGET = 26.2;
				MARKETING_VERSION = 1.0;
				PRODUCT_BUNDLE_IDENTIFIER = "peezy.Peezy-4-0Tests";
				PRODUCT_NAME = "$(TARGET_NAME)";
				STRING_CATALOG_GENERATE_SYMBOLS = NO;
				SWIFT_APPROACHABLE_CONCURRENCY = YES;
				SWIFT_EMIT_LOC_STRINGS = NO;
				SWIFT_UPCOMING_FEATURE_MEMBER_IMPORT_VISIBILITY = YES;
				SWIFT_VERSION = 5.0;
				TARGETED_DEVICE_FAMILY = "1,2";
				TEST_HOST = "$(BUILT_PRODUCTS_DIR)/Peezy 4.0.app/$(BUNDLE_EXECUTABLE_FOLDER_PATH)/Peezy 4.0";
			};
			name = Debug;
		};
		45D0C9B72F14D0A600064C3C /* Release */ = {
			isa = XCBuildConfiguration;
			buildSettings = {
				BUNDLE_LOADER = "$(TEST_HOST)";
				CODE_SIGN_STYLE = Automatic;
				CURRENT_PROJECT_VERSION = 1;
				DEVELOPMENT_TEAM = C7434HTS3Q;
				GENERATE_INFOPLIST_FILE = YES;
				IPHONEOS_DEPLOYMENT_TARGET = 26.2;
				MARKETING_VERSION = 1.0;
				PRODUCT_BUNDLE_IDENTIFIER = "peezy.Peezy-4-0Tests";
				PRODUCT_NAME = "$(TARGET_NAME)";
				STRING_CATALOG_GENERATE_SYMBOLS = NO;
				SWIFT_APPROACHABLE_CONCURRENCY = YES;
				SWIFT_EMIT_LOC_STRINGS = NO;
				SWIFT_UPCOMING_FEATURE_MEMBER_IMPORT_VISIBILITY = YES;
				SWIFT_VERSION = 5.0;
				TARGETED_DEVICE_FAMILY = "1,2";
				TEST_HOST = "$(BUILT_PRODUCTS_DIR)/Peezy 4.0.app/$(BUNDLE_EXECUTABLE_FOLDER_PATH)/Peezy 4.0";
			};
			name = Release;
		};
		45D0C9B92F14D0A600064C3C /* Debug */ = {
			isa = XCBuildConfiguration;
			buildSettings = {
				CODE_SIGN_STYLE = Automatic;
				CURRENT_PROJECT_VERSION = 1;
				DEVELOPMENT_TEAM = C7434HTS3Q;
				GENERATE_INFOPLIST_FILE = YES;
				MARKETING_VERSION = 1.0;
				PRODUCT_BUNDLE_IDENTIFIER = "peezy.Peezy-4-0UITests";
				PRODUCT_NAME = "$(TARGET_NAME)";
				STRING_CATALOG_GENERATE_SYMBOLS = NO;
				SWIFT_APPROACHABLE_CONCURRENCY = YES;
				SWIFT_EMIT_LOC_STRINGS = NO;
				SWIFT_UPCOMING_FEATURE_MEMBER_IMPORT_VISIBILITY = YES;
				SWIFT_VERSION = 5.0;
				TARGETED_DEVICE_FAMILY = "1,2";
				TEST_TARGET_NAME = "Peezy 4.0";
			};
			name = Debug;
		};
		45D0C9BA2F14D0A600064C3C /* Release */ = {
			isa = XCBuildConfiguration;
			buildSettings = {
				CODE_SIGN_STYLE = Automatic;
				CURRENT_PROJECT_VERSION = 1;
				DEVELOPMENT_TEAM = C7434HTS3Q;
				GENERATE_INFOPLIST_FILE = YES;
				MARKETING_VERSION = 1.0;
				PRODUCT_BUNDLE_IDENTIFIER = "peezy.Peezy-4-0UITests";
				PRODUCT_NAME = "$(TARGET_NAME)";
				STRING_CATALOG_GENERATE_SYMBOLS = NO;
				SWIFT_APPROACHABLE_CONCURRENCY = YES;
				SWIFT_EMIT_LOC_STRINGS = NO;
				SWIFT_UPCOMING_FEATURE_MEMBER_IMPORT_VISIBILITY = YES;
				SWIFT_VERSION = 5.0;
				TARGETED_DEVICE_FAMILY = "1,2";
				TEST_TARGET_NAME = "Peezy 4.0";
			};
			name = Release;
		};
/* End XCBuildConfiguration section */

/* Begin XCConfigurationList section */
		45D0C98C2F14D0A500064C3C /* Build configuration list for PBXProject "Peezy 4.0" */ = {
			isa = XCConfigurationList;
			buildConfigurations = (
				45D0C9B02F14D0A600064C3C /* Debug */,
				45D0C9B12F14D0A600064C3C /* Release */,
			);
			defaultConfigurationIsVisible = 0;
			defaultConfigurationName = Release;
		};
		45D0C9B22F14D0A600064C3C /* Build configuration list for PBXNativeTarget "Peezy 4.0" */ = {
			isa = XCConfigurationList;
			buildConfigurations = (
				45D0C9B32F14D0A600064C3C /* Debug */,
				45D0C9B42F14D0A600064C3C /* Release */,
			);
			defaultConfigurationIsVisible = 0;
			defaultConfigurationName = Release;
		};
		45D0C9B52F14D0A600064C3C /* Build configuration list for PBXNativeTarget "Peezy 4.0Tests" */ = {
			isa = XCConfigurationList;
			buildConfigurations = (
				45D0C9B62F14D0A600064C3C /* Debug */,
				45D0C9B72F14D0A600064C3C /* Release */,
			);
			defaultConfigurationIsVisible = 0;
			defaultConfigurationName = Release;
		};
		45D0C9B82F14D0A600064C3C /* Build configuration list for PBXNativeTarget "Peezy 4.0UITests" */ = {
			isa = XCConfigurationList;
			buildConfigurations = (
				45D0C9B92F14D0A600064C3C /* Debug */,
				45D0C9BA2F14D0A600064C3C /* Release */,
			);
			defaultConfigurationIsVisible = 0;
			defaultConfigurationName = Release;
		};
/* End XCConfigurationList section */

/* Begin XCRemoteSwiftPackageReference section */
		455D7E7A2F1601C700C1BC98 /* XCRemoteSwiftPackageReference "GoogleSignIn-iOS" */ = {
			isa = XCRemoteSwiftPackageReference;
			repositoryURL = "https://github.com/google/GoogleSignIn-iOS";
			requirement = {
				kind = upToNextMajorVersion;
				minimumVersion = 9.1.0;
			};
		};
		45D0C9BB2F1512B300064C3C /* XCRemoteSwiftPackageReference "firebase-ios-sdk" */ = {
			isa = XCRemoteSwiftPackageReference;
			repositoryURL = "https://github.com/firebase/firebase-ios-sdk";
			requirement = {
				kind = upToNextMajorVersion;
				minimumVersion = 12.7.0;
			};
		};
/* End XCRemoteSwiftPackageReference section */

/* Begin XCSwiftPackageProductDependency section */
		45D0CA032F157FCC00064C3C /* FirebaseAuth */ = {
			isa = XCSwiftPackageProductDependency;
			package = 45D0C9BB2F1512B300064C3C /* XCRemoteSwiftPackageReference "firebase-ios-sdk" */;
			productName = FirebaseAuth;
		};
		45D0CA052F157FCC00064C3C /* FirebaseFirestore */ = {
			isa = XCSwiftPackageProductDependency;
			package = 45D0C9BB2F1512B300064C3C /* XCRemoteSwiftPackageReference "firebase-ios-sdk" */;
			productName = FirebaseFirestore;
		};
		45D0CA072F157FCC00064C3C /* FirebaseFunctions */ = {
			isa = XCSwiftPackageProductDependency;
			package = 45D0C9BB2F1512B300064C3C /* XCRemoteSwiftPackageReference "firebase-ios-sdk" */;
			productName = FirebaseFunctions;
		};
		45D0CA092F160200000GSIN1 /* GoogleSignIn */ = {
			isa = XCSwiftPackageProductDependency;
			package = 455D7E7A2F1601C700C1BC98 /* XCRemoteSwiftPackageReference "GoogleSignIn-iOS" */;
			productName = GoogleSignIn;
		};
/* End XCSwiftPackageProductDependency section */
	};
	rootObject = 45D0C9892F14D0A500064C3C /* Project object */;
}
